
Microsoft Visual Studio Solution File, Format Version 12.00
# Visual Studio 2012
Project("{FAE04EC0-301F-11D3-BF4B-00C04F79EFBC}") = "WebApplication1", "WebApplication1\WebApplication1.csproj", "{C8EF3F05-B93E-4701-AE54-DFC65C3E079D}"
EndProject
Global
	GlobalSection(SolutionConfigurationPlatforms) = preSolution
		Debug|Any CPU = Debug|Any CPU
		Release|Any CPU = Release|Any CPU
	EndGlobalSection
	GlobalSection(ProjectConfigurationPlatforms) = postSolution
		{C8EF3F05-B93E-4701-AE54-DFC65C3E079D}.Debug|Any CPU.ActiveCfg = Debug|Any CPU
		{C8EF3F05-B93E-4701-AE54-DFC65C3E079D}.Debug|Any CPU.Build.0 = Debug|Any CPU
		{C8EF3F05-B93E-4701-AE54-DFC65C3E079D}.Release|Any CPU.ActiveCfg = Release|Any CPU
		{C8EF3F05-B93E-4701-AE54-DFC65C3E079D}.Release|Any CPU.Build.0 = Release|Any CPU
	EndGlobalSection
	GlobalSection(SolutionProperties) = preSolution
		HideSolutionNode = FALSE
	EndGlobalSection
EndGlobal
